// !$*UTF8*$!
{
	archiveVersion = 1;
	classes = {
	};
	objectVersion = 50;
	objects = {

/* Begin PBXBuildFile section */
		5A484E7323719C540092280B /* main.swift in Sources */ = {isa = PBXBuildFile; fileRef = 5A484E7223719C540092280B /* main.swift */; };
		5A484E802371A1F50092280B /* Standard_Algorithms_Tests.swift in Sources */ = {isa = PBXBuildFile; fileRef = 5A484E7F2371A1F50092280B /* Standard_Algorithms_Tests.swift */; };
		5A484E862371A2E20092280B /* Sorting Test.swift in Sources */ = {isa = PBXBuildFile; fileRef = 5A484E852371A2E20092280B /* Sorting Test.swift */; };
		5A484E882371A3C20092280B /* Sorting.swift in Sources */ = {isa = PBXBuildFile; fileRef = 5A484E872371A3C20092280B /* Sorting.swift */; };
		5A484E892371A3F30092280B /* Sorting.swift in Sources */ = {isa = PBXBuildFile; fileRef = 5A484E872371A3C20092280B /* Sorting.swift */; };
/* End PBXBuildFile section */

/* Begin PBXCopyFilesBuildPhase section */
		5A484E6D23719C540092280B /* CopyFiles */ = {
			isa = PBXCopyFilesBuildPhase;
			buildActionMask = 2147483647;
			dstPath = /usr/share/man/man1/;
			dstSubfolderSpec = 0;
			files = (
			);
			runOnlyForDeploymentPostprocessing = 1;
		};
/* End PBXCopyFilesBuildPhase section */

/* Begin PBXFileReference section */
		5A484E6F23719C540092280B /* Standard Algorithms */ = {isa = PBXFileReference; explicitFileType = "compiled.mach-o.executable"; includeInIndex = 0; path = "Standard Algorithms"; sourceTree = BUILT_PRODUCTS_DIR; };
		5A484E7223719C540092280B /* main.swift */ = {isa = PBXFileReference; lastKnownFileType = sourcecode.swift; path = main.swift; sourceTree = "<group>"; };
		5A484E7D2371A1F50092280B /* Standard Algorithms Tests.xctest */ = {isa = PBXFileReference; explicitFileType = wrapper.cfbundle; includeInIndex = 0; path = "Standard Algorithms Tests.xctest"; sourceTree = BUILT_PRODUCTS_DIR; };
		5A484E7F2371A1F50092280B /* Standard_Algorithms_Tests.swift */ = {isa = PBXFileReference; lastKnownFileType = sourcecode.swift; path = Standard_Algorithms_Tests.swift; sourceTree = "<group>"; };
		5A484E812371A1F50092280B /* Info.plist */ = {isa = PBXFileReference; lastKnownFileType = text.plist.xml; path = Info.plist; sourceTree = "<group>"; };
		5A484E852371A2E20092280B /* Sorting Test.swift */ = {isa = PBXFileReference; lastKnownFileType = sourcecode.swift; path = "Sorting Test.swift"; sourceTree = "<group>"; };
		5A484E872371A3C20092280B /* Sorting.swift */ = {isa = PBXFileReference; lastKnownFileType = sourcecode.swift; path = Sorting.swift; sourceTree = "<group>"; };
/* End PBXFileReference section */

/* Begin PBXFrameworksBuildPhase section */
		5A484E6C23719C540092280B /* Frameworks */ = {
			isa = PBXFrameworksBuildPhase;
			buildActionMask = 2147483647;
			files = (
			);
			runOnlyForDeploymentPostprocessing = 0;
		};
		5A484E7A2371A1F50092280B /* Frameworks */ = {
			isa = PBXFrameworksBuildPhase;
			buildActionMask = 2147483647;
			files = (
			);
			runOnlyForDeploymentPostprocessing = 0;
		};
/* End PBXFrameworksBuildPhase section */

/* Begin PBXGroup section */
		5A484E6623719C540092280B = {
			isa = PBXGroup;
			children = (
				5A484E7123719C540092280B /* Standard Algorithms */,
				5A484E7E2371A1F50092280B /* Standard Algorithms Tests */,
				5A484E7023719C540092280B /* Products */,
			);
			sourceTree = "<group>";
		};
		5A484E7023719C540092280B /* Products */ = {
			isa = PBXGroup;
			children = (
				5A484E6F23719C540092280B /* Standard Algorithms */,
				5A484E7D2371A1F50092280B /* Standard Algorithms Tests.xctest */,
			);
			name = Products;
			sourceTree = "<group>";
		};
		5A484E7123719C540092280B /* Standard Algorithms */ = {
			isa = PBXGroup;
			children = (
				5A484E7223719C540092280B /* main.swift */,
				5A484E872371A3C20092280B /* Sorting.swift */,
			);
			path = "Standard Algorithms";
			sourceTree = "<group>";
		};
		5A484E7E2371A1F50092280B /* Standard Algorithms Tests */ = {
			isa = PBXGroup;
			children = (
				5A484E7F2371A1F50092280B /* Standard_Algorithms_Tests.swift */,
				5A484E812371A1F50092280B /* Info.plist */,
				5A484E852371A2E20092280B /* Sorting Test.swift */,
			);
			path = "Standard Algorithms Tests";
			sourceTree = "<group>";
		};
/* End PBXGroup section */

/* Begin PBXNativeTarget section */
		5A484E6E23719C540092280B /* Standard Algorithms */ = {
			isa = PBXNativeTarget;
			buildConfigurationList = 5A484E7623719C540092280B /* Build configuration list for PBXNativeTarget "Standard Algorithms" */;
			buildPhases = (
				5A484E6B23719C540092280B /* Sources */,
				5A484E6C23719C540092280B /* Frameworks */,
				5A484E6D23719C540092280B /* CopyFiles */,
			);
			buildRules = (
			);
			dependencies = (
			);
			name = "Standard Algorithms";
			productName = "Standard Algorithms";
			productReference = 5A484E6F23719C540092280B /* Standard Algorithms */;
			productType = "com.apple.product-type.tool";
		};
		5A484E7C2371A1F50092280B /* Standard Algorithms Tests */ = {
			isa = PBXNativeTarget;
			buildConfigurationList = 5A484E822371A1F50092280B /* Build configuration list for PBXNativeTarget "Standard Algorithms Tests" */;
			buildPhases = (
				5A484E792371A1F50092280B /* Sources */,
				5A484E7A2371A1F50092280B /* Frameworks */,
				5A484E7B2371A1F50092280B /* Resources */,
			);
			buildRules = (
			);
			dependencies = (
			);
			name = "Standard Algorithms Tests";
			productName = "Standard Algorithms Tests";
			productReference = 5A484E7D2371A1F50092280B /* Standard Algorithms Tests.xctest */;
			productType = "com.apple.product-type.bundle.unit-test";
		};
/* End PBXNativeTarget section */

/* Begin PBXProject section */
		5A484E6723719C540092280B /* Project object */ = {
			isa = PBXProject;
			attributes = {
				LastSwiftUpdateCheck = 1120;
				LastUpgradeCheck = 1120;
				ORGANIZATIONNAME = "Barnham, Samuel (ABH)";
				TargetAttributes = {
					5A484E6E23719C540092280B = {
						CreatedOnToolsVersion = 11.2;
					};
					5A484E7C2371A1F50092280B = {
						CreatedOnToolsVersion = 11.2;
					};
				};
			};
			buildConfigurationList = 5A484E6A23719C540092280B /* Build configuration list for PBXProject "Standard Algorithms" */;
			compatibilityVersion = "Xcode 9.3";
			developmentRegion = en;
			hasScannedForEncodings = 0;
			knownRegions = (
				en,
				Base,
			);
			mainGroup = 5A484E6623719C540092280B;
			productRefGroup = 5A484E7023719C540092280B /* Products */;
			projectDirPath = "";
			projectRoot = "";
			targets = (
				5A484E6E23719C540092280B /* Standard Algorithms */,
				5A484E7C2371A1F50092280B /* Standard Algorithms Tests */,
			);
		};
/* End PBXProject section */

/* Begin PBXResourcesBuildPhase section */
		5A484E7B2371A1F50092280B /* Resources */ = {
			isa = PBXResourcesBuildPhase;
			buildActionMask = 2147483647;
			files = (
			);
			runOnlyForDeploymentPostprocessing = 0;
		};
/* End PBXResourcesBuildPhase section */

/* Begin PBXSourcesBuildPhase section */
		5A484E6B23719C540092280B /* Sources */ = {
			isa = PBXSourcesBuildPhase;
			buildActionMask = 2147483647;
			files = (
				5A484E882371A3C20092280B /* Sorting.swift in Sources */,
				5A484E7323719C540092280B /* main.swift in Sources */,
			);
			runOnlyForDeploymentPostprocessing = 0;
		};
		5A484E792371A1F50092280B /* Sources */ = {
			isa = PBXSourcesBuildPhase;
			buildActionMask = 2147483647;
			files = (
				5A484E892371A3F30092280B /* Sorting.swift in Sources */,
				5A484E802371A1F50092280B /* Standard_Algorithms_Tests.swift in Sources */,
				5A484E862371A2E20092280B /* Sorting Test.swift in Sources */,
			);
			runOnlyForDeploymentPostprocessing = 0;
		};
/* End PBXSourcesBuildPhase section */

/* Begin XCBuildConfiguration section */
		5A484E7423719C540092280B /* Debug */ = {
			isa = XCBuildConfiguration;
			buildSettings = {
				ALWAYS_SEARCH_USER_PATHS = NO;
				CLANG_ANALYZER_NONNULL = YES;
				CLANG_ANALYZER_NUMBER_OBJECT_CONVERSION = YES_AGGRESSIVE;
				CLANG_CXX_LANGUAGE_STANDARD = "gnu++14";
				CLANG_CXX_LIBRARY = "libc++";
				CLANG_ENABLE_MODULES = YES;
				CLANG_ENABLE_OBJC_ARC = YES;
				CLANG_ENABLE_OBJC_WEAK = YES;
				CLANG_WARN_BLOCK_CAPTURE_AUTORELEASING = YES;
				CLANG_WARN_BOOL_CONVERSION = YES;
				CLANG_WARN_COMMA = YES;
				CLANG_WARN_CONSTANT_CONVERSION = YES;
				CLANG_WARN_DEPRECATED_OBJC_IMPLEMENTATIONS = YES;
				CLANG_WARN_DIRECT_OBJC_ISA_USAGE = YES_ERROR;
				CLANG_WARN_DOCUMENTATION_COMMENTS = YES;
				CLANG_WARN_EMPTY_BODY = YES;
				CLANG_WARN_ENUM_CONVERSION = YES;
				CLANG_WARN_INFINITE_RECURSION = YES;
				CLANG_WARN_INT_CONVERSION = YES;
				CLANG_WARN_NON_LITERAL_NULL_CONVERSION = YES;
				CLANG_WARN_OBJC_IMPLICIT_RETAIN_SELF = YES;
				CLANG_WARN_OBJC_LITERAL_CONVERSION = YES;
				CLANG_WARN_OBJC_ROOT_CLASS = YES_ERROR;
				CLANG_WARN_RANGE_LOOP_ANALYSIS = YES;
				CLANG_WARN_STRICT_PROTOTYPES = YES;
				CLANG_WARN_SUSPICIOUS_MOVE = YES;
				CLANG_WARN_UNGUARDED_AVAILABILITY = YES_AGGRESSIVE;
				CLANG_WARN_UNREACHABLE_CODE = YES;
				CLANG_WARN__DUPLICATE_METHOD_MATCH = YES;
				COPY_PHASE_STRIP = NO;
				DEBUG_INFORMATION_FORMAT = dwarf;
				ENABLE_STRICT_OBJC_MSGSEND = YES;
				ENABLE_TESTABILITY = YES;
				GCC_C_LANGUAGE_STANDARD = gnu11;
				GCC_DYNAMIC_NO_PIC = NO;
				GCC_NO_COMMON_BLOCKS = YES;
				GCC_OPTIMIZATION_LEVEL = 0;
				GCC_PREPROCESSOR_DEFINITIONS = (
					"DEBUG=1",
					"$(inherited)",
				);
				GCC_WARN_64_TO_32_BIT_CONVERSION = YES;
				GCC_WARN_ABOUT_RETURN_TYPE = YES_ERROR;
				GCC_WARN_UNDECLARED_SELECTOR = YES;
				GCC_WARN_UNINITIALIZED_AUTOS = YES_AGGRESSIVE;
				GCC_WARN_UNUSED_FUNCTION = YES;
				GCC_WARN_UNUSED_VARIABLE = YES;
				MACOSX_DEPLOYMENT_TARGET = 10.14;
				MTL_ENABLE_DEBUG_INFO = INCLUDE_SOURCE;
				MTL_FAST_MATH = YES;
				ONLY_ACTIVE_ARCH = YES;
				SDKROOT = macosx;
				SWIFT_ACTIVE_COMPILATION_CONDITIONS = DEBUG;
				SWIFT_OPTIMIZATION_LEVEL = "-Onone";
			};
			name = Debug;
		};
		5A484E7523719C540092280B /* Release */ = {
			isa = XCBuildConfiguration;
			buildSettings = {
				ALWAYS_SEARCH_USER_PATHS = NO;
				CLANG_ANALYZER_NONNULL = YES;
				CLANG_ANALYZER_NUMBER_OBJECT_CONVERSION = YES_AGGRESSIVE;
				CLANG_CXX_LANGUAGE_STANDARD = "gnu++14";
				CLANG_CXX_LIBRARY = "libc++";
				CLANG_ENABLE_MODULES = YES;
				CLANG_ENABLE_OBJC_ARC = YES;
				CLANG_ENABLE_OBJC_WEAK = YES;
				CLANG_WARN_BLOCK_CAPTURE_AUTORELEASING = YES;
				CLANG_WARN_BOOL_CONVERSION = YES;
				CLANG_WARN_COMMA = YES;
				CLANG_WARN_CONSTANT_CONVERSION = YES;
				CLANG_WARN_DEPRECATED_OBJC_IMPLEMENTATIONS = YES;
				CLANG_WARN_DIRECT_OBJC_ISA_USAGE = YES_ERROR;
				CLANG_WARN_DOCUMENTATION_COMMENTS = YES;
				CLANG_WARN_EMPTY_BODY = YES;
				CLANG_WARN_ENUM_CONVERSION = YES;
				CLANG_WARN_INFINITE_RECURSION = YES;
				CLANG_WARN_INT_CONVERSION = YES;
				CLANG_WARN_NON_LITERAL_NULL_CONVERSION = YES;
				CLANG_WARN_OBJC_IMPLICIT_RETAIN_SELF = YES;
				CLANG_WARN_OBJC_LITERAL_CONVERSION = YES;
				CLANG_WARN_OBJC_ROOT_CLASS = YES_ERROR;
				CLANG_WARN_RANGE_LOOP_ANALYSIS = YES;
				CLANG_WARN_STRICT_PROTOTYPES = YES;
				CLANG_WARN_SUSPICIOUS_MOVE = YES;
				CLANG_WARN_UNGUARDED_AVAILABILITY = YES_AGGRESSIVE;
				CLANG_WARN_UNREACHABLE_CODE = YES;
				CLANG_WARN__DUPLICATE_METHOD_MATCH = YES;
				COPY_PHASE_STRIP = NO;
				DEBUG_INFORMATION_FORMAT = "dwarf-with-dsym";
				ENABLE_NS_ASSERTIONS = NO;
				ENABLE_STRICT_OBJC_MSGSEND = YES;
				GCC_C_LANGUAGE_STANDARD = gnu11;
				GCC_NO_COMMON_BLOCKS = YES;
				GCC_WARN_64_TO_32_BIT_CONVERSION = YES;
				GCC_WARN_ABOUT_RETURN_TYPE = YES_ERROR;
				GCC_WARN_UNDECLARED_SELECTOR = YES;
				GCC_WARN_UNINITIALIZED_AUTOS = YES_AGGRESSIVE;
				GCC_WARN_UNUSED_FUNCTION = YES;
				GCC_WARN_UNUSED_VARIABLE = YES;
				MACOSX_DEPLOYMENT_TARGET = 10.14;
				MTL_ENABLE_DEBUG_INFO = NO;
				MTL_FAST_MATH = YES;
				SDKROOT = macosx;
				SWIFT_COMPILATION_MODE = wholemodule;
				SWIFT_OPTIMIZATION_LEVEL = "-O";
			};
			name = Release;
		};
		5A484E7723719C540092280B /* Debug */ = {
			isa = XCBuildConfiguration;
			buildSettings = {
				CODE_SIGN_STYLE = Automatic;
				PRODUCT_NAME = "$(TARGET_NAME)";
				SWIFT_VERSION = 5.0;
			};
			name = Debug;
		};
		5A484E7823719C540092280B /* Release */ = {
			isa = XCBuildConfiguration;
			buildSettings = {
				CODE_SIGN_STYLE = Automatic;
				PRODUCT_NAME = "$(TARGET_NAME)";
				SWIFT_VERSION = 5.0;
			};
			name = Release;
		};
		5A484E832371A1F50092280B /* Debug */ = {
			isa = XCBuildConfiguration;
			buildSettings = {
				CODE_SIGN_STYLE = Automatic;
				COMBINE_HIDPI_IMAGES = YES;
				INFOPLIST_FILE = "Standard Algorithms Tests/Info.plist";
				LD_RUNPATH_SEARCH_PATHS = (
					"$(inherited)",
					"@executable_path/../Frameworks",
					"@loader_path/../Frameworks",
				);
				PRODUCT_BUNDLE_IDENTIFIER = "com.sbarnham.Standard-Algorithms-Tests";
				PRODUCT_NAME = "$(TARGET_NAME)";
				SWIFT_VERSION = 5.0;
			};
			name = Debug;
		};
		5A484E842371A1F50092280B /* Release */ = {
			isa = XCBuildConfiguration;
			buildSettings = {
				CODE_SIGN_STYLE = Automatic;
				COMBINE_HIDPI_IMAGES = YES;
				INFOPLIST_FILE = "Standard Algorithms Tests/Info.plist";
				LD_RUNPATH_SEARCH_PATHS = (
					"$(inherited)",
					"@executable_path/../Frameworks",
					"@loader_path/../Frameworks",
				);
				PRODUCT_BUNDLE_IDENTIFIER = "com.sbarnham.Standard-Algorithms-Tests";
				PRODUCT_NAME = "$(TARGET_NAME)";
				SWIFT_VERSION = 5.0;
			};
			name = Release;
		};
/* End XCBuildConfiguration section */

/* Begin XCConfigurationList section */
		5A484E6A23719C540092280B /* Build configuration list for PBXProject "Standard Algorithms" */ = {
			isa = XCConfigurationList;
			buildConfigurations = (
				5A484E7423719C540092280B /* Debug */,
				5A484E7523719C540092280B /* Release */,
			);
			defaultConfigurationIsVisible = 0;
			defaultConfigurationName = Release;
		};
		5A484E7623719C540092280B /* Build configuration list for PBXNativeTarget "Standard Algorithms" */ = {
			isa = XCConfigurationList;
			buildConfigurations = (
				5A484E7723719C540092280B /* Debug */,
				5A484E7823719C540092280B /* Release */,
			);
			defaultConfigurationIsVisible = 0;
			defaultConfigurationName = Release;
		};
		5A484E822371A1F50092280B /* Build configuration list for PBXNativeTarget "Standard Algorithms Tests" */ = {
			isa = XCConfigurationList;
			buildConfigurations = (
				5A484E832371A1F50092280B /* Debug */,
				5A484E842371A1F50092280B /* Release */,
			);
			defaultConfigurationIsVisible = 0;
			defaultConfigurationName = Release;
		};
/* End XCConfigurationList section */
	};
	rootObject = 5A484E6723719C540092280B /* Project object */;
}
